dependencies:
- name: backend
  repository: file://../backend
  version: 0.1.0
- name: frontend
  repository: file://../frontend
  version: 0.1.0
- name: postgresql
  repository: https://charts.bitnami.com/bitnami
  version: 18.2.3
digest: sha256:5e0bdcfdd0f2896e0f10e84b86b96c5581778566229df7a140de4fdd2a3d1201
generated: "2026-02-12T16:24:34.32458042+02:00"
